
Microsoft Visual Studio Solution File, Format Version 12.00
# Visual Studio Version 16
VisualStudioVersion = 16.0.32802.440
MinimumVisualStudioVersion = 10.0.40219.1
Project("{FAE04EC0-301F-11D3-BF4B-00C04F79EFBC}") = "lab", "lab.csproj", "{2CD406E9-9914-43D7-8BDF-304E7FDAF901}"
EndProject
Global
	GlobalSection(SolutionConfigurationPlatforms) = preSolution
		Debug|Any CPU = Debug|Any CPU
		Release|Any CPU = Release|Any CPU
	EndGlobalSection
	GlobalSection(ProjectConfigurationPlatforms) = postSolution
		{2CD406E9-9914-43D7-8BDF-304E7FDAF901}.Debug|Any CPU.ActiveCfg = Debug|Any CPU
		{2CD406E9-9914-43D7-8BDF-304E7FDAF901}.Debug|Any CPU.Build.0 = Debug|Any CPU
		{2CD406E9-9914-43D7-8BDF-304E7FDAF901}.Release|Any CPU.ActiveCfg = Release|Any CPU
		{2CD406E9-9914-43D7-8BDF-304E7FDAF901}.Release|Any CPU.Build.0 = Release|Any CPU
	EndGlobalSection
	GlobalSection(SolutionProperties) = preSolution
		HideSolutionNode = FALSE
	EndGlobalSection
	GlobalSection(ExtensibilityGlobals) = postSolution
		SolutionGuid = {50443DC1-0381-46BA-9CA4-AE281E1FFEEA}
	EndGlobalSection
EndGlobal
